# This file is automatically @generated by Cargo.
# It is not intended for manual editing.
version = 4

[[package]]
name = "struum-net"
version = "0.1.0"
dependencies = [
 "struum_opengl",
]

[[package]]
name = "struum_opengl"
version = "0.1.0"
source = "git+ssh://git@github.com/struumnet/struum_opengl.git#59577ab2815e6ddb19a956db12a5579a5f52684f"
