# This file is automatically @generated by Cargo.
# It is not intended for manual editing.
version = 4

[[package]]
name = "struum-net"
version = "0.1.0"
dependencies = [
 "struum_opengl",
 "struum_types",
]

[[package]]
name = "struum_opengl"
version = "0.1.0"

[[package]]
name = "struum_types"
version = "0.1.0"
